
Microsoft Visual Studio Solution File, Format Version 12.00
# Visual Studio 2013
VisualStudioVersion = 12.0.21005.1
MinimumVisualStudioVersion = 10.0.40219.1
Project("{8BC9CEB8-8B4A-11D0-8D11-00A0C91BC942}") = "Console", "Projects\Console\Console.vcxproj", "{A5EF7BB4-B0CB-4981-B7F4-791B29D7D13D}"
	ProjectSection(ProjectDependencies) = postProject
		{94E6C409-66BB-4973-9B66-8977A0EEC620} = {94E6C409-66BB-4973-9B66-8977A0EEC620}
		{18838B67-CCB3-4F76-ADAF-C62D88489857} = {18838B67-CCB3-4F76-ADAF-C62D88489857}
		{D70663E6-FD45-4354-81D1-DCF179C33AEE} = {D70663E6-FD45-4354-81D1-DCF179C33AEE}
	EndProjectSection
EndProject
Project("{8BC9CEB8-8B4A-11D0-8D11-00A0C91BC942}") = "Common", "Projects\Common\Common.vcxproj", "{3F2C7198-27BB-4B13-A4B8-5EC03B37442D}"
EndProject
Project("{8BC9CEB8-8B4A-11D0-8D11-00A0C91BC942}") = "Header", "Projects\Header\Header.vcxproj", "{FF63B429-7D7C-456E-9EB2-A9AC8113D178}"
	ProjectSection(ProjectDependencies) = postProject
		{3F2C7198-27BB-4B13-A4B8-5EC03B37442D} = {3F2C7198-27BB-4B13-A4B8-5EC03B37442D}
	EndProjectSection
EndProject
Project("{8BC9CEB8-8B4A-11D0-8D11-00A0C91BC942}") = "Cleaner", "Projects\Cleaner\Cleaner.vcxproj", "{94E6C409-66BB-4973-9B66-8977A0EEC620}"
	ProjectSection(ProjectDependencies) = postProject
		{3F2C7198-27BB-4B13-A4B8-5EC03B37442D} = {3F2C7198-27BB-4B13-A4B8-5EC03B37442D}
	EndProjectSection
EndProject
Project("{8BC9CEB8-8B4A-11D0-8D11-00A0C91BC942}") = "Translator", "Projects\Translator\Translator.vcxproj", "{C29A50B6-E8BE-42AC-99AC-9240F721E476}"
EndProject
Project("{8BC9CEB8-8B4A-11D0-8D11-00A0C91BC942}") = "Lexer2", "Projects\Lexer2\Lexer2.vcxproj", "{18838B67-CCB3-4F76-ADAF-C62D88489857}"
	ProjectSection(ProjectDependencies) = postProject
		{FF63B429-7D7C-456E-9EB2-A9AC8113D178} = {FF63B429-7D7C-456E-9EB2-A9AC8113D178}
	EndProjectSection
EndProject
Project("{8BC9CEB8-8B4A-11D0-8D11-00A0C91BC942}") = "Testing", "Projects\Testing\Testing.vcxproj", "{1B335559-BD24-49B7-A315-5F5E37FABFF4}"
	ProjectSection(ProjectDependencies) = postProject
		{18838B67-CCB3-4F76-ADAF-C62D88489857} = {18838B67-CCB3-4F76-ADAF-C62D88489857}
		{DDAFDA7F-8A02-47B2-993B-BD8BF71416DB} = {DDAFDA7F-8A02-47B2-993B-BD8BF71416DB}
		{C29A50B6-E8BE-42AC-99AC-9240F721E476} = {C29A50B6-E8BE-42AC-99AC-9240F721E476}
		{D70663E6-FD45-4354-81D1-DCF179C33AEE} = {D70663E6-FD45-4354-81D1-DCF179C33AEE}
	EndProjectSection
EndProject
Project("{8BC9CEB8-8B4A-11D0-8D11-00A0C91BC942}") = "Parser3", "Projects\Parser3\Parser3.vcxproj", "{D70663E6-FD45-4354-81D1-DCF179C33AEE}"
	ProjectSection(ProjectDependencies) = postProject
		{FF63B429-7D7C-456E-9EB2-A9AC8113D178} = {FF63B429-7D7C-456E-9EB2-A9AC8113D178}
		{18838B67-CCB3-4F76-ADAF-C62D88489857} = {18838B67-CCB3-4F76-ADAF-C62D88489857}
	EndProjectSection
EndProject
Project("{8BC9CEB8-8B4A-11D0-8D11-00A0C91BC942}") = "ProtoTranslator1", "Projects\ProtoTranslator1\ProtoTranslator1.vcxproj", "{E9FA3239-86E4-4D54-AAA3-9E20EB2CC80E}"
	ProjectSection(ProjectDependencies) = postProject
		{94E6C409-66BB-4973-9B66-8977A0EEC620} = {94E6C409-66BB-4973-9B66-8977A0EEC620}
		{18838B67-CCB3-4F76-ADAF-C62D88489857} = {18838B67-CCB3-4F76-ADAF-C62D88489857}
		{3F2C7198-27BB-4B13-A4B8-5EC03B37442D} = {3F2C7198-27BB-4B13-A4B8-5EC03B37442D}
		{D70663E6-FD45-4354-81D1-DCF179C33AEE} = {D70663E6-FD45-4354-81D1-DCF179C33AEE}
	EndProjectSection
EndProject
Project("{8BC9CEB8-8B4A-11D0-8D11-00A0C91BC942}") = "Translator2", "Projects\Translator2\Translator2.vcxproj", "{5354C106-5E20-4F04-8C71-90BB3FA06BD6}"
EndProject
Project("{8BC9CEB8-8B4A-11D0-8D11-00A0C91BC942}") = "Parser4", "Projects\Parser4\Parser4.vcxproj", "{DDAFDA7F-8A02-47B2-993B-BD8BF71416DB}"
EndProject
Global
	GlobalSection(SolutionConfigurationPlatforms) = preSolution
		Debug|Win32 = Debug|Win32
		Release|Win32 = Release|Win32
	EndGlobalSection
	GlobalSection(ProjectConfigurationPlatforms) = postSolution
		{A5EF7BB4-B0CB-4981-B7F4-791B29D7D13D}.Debug|Win32.ActiveCfg = Debug|Win32
		{A5EF7BB4-B0CB-4981-B7F4-791B29D7D13D}.Debug|Win32.Build.0 = Debug|Win32
		{A5EF7BB4-B0CB-4981-B7F4-791B29D7D13D}.Release|Win32.ActiveCfg = Release|Win32
		{A5EF7BB4-B0CB-4981-B7F4-791B29D7D13D}.Release|Win32.Build.0 = Release|Win32
		{3F2C7198-27BB-4B13-A4B8-5EC03B37442D}.Debug|Win32.ActiveCfg = Debug|Win32
		{3F2C7198-27BB-4B13-A4B8-5EC03B37442D}.Debug|Win32.Build.0 = Debug|Win32
		{3F2C7198-27BB-4B13-A4B8-5EC03B37442D}.Release|Win32.ActiveCfg = Release|Win32
		{3F2C7198-27BB-4B13-A4B8-5EC03B37442D}.Release|Win32.Build.0 = Release|Win32
		{FF63B429-7D7C-456E-9EB2-A9AC8113D178}.Debug|Win32.ActiveCfg = Debug|Win32
		{FF63B429-7D7C-456E-9EB2-A9AC8113D178}.Debug|Win32.Build.0 = Debug|Win32
		{FF63B429-7D7C-456E-9EB2-A9AC8113D178}.Release|Win32.ActiveCfg = Release|Win32
		{FF63B429-7D7C-456E-9EB2-A9AC8113D178}.Release|Win32.Build.0 = Release|Win32
		{94E6C409-66BB-4973-9B66-8977A0EEC620}.Debug|Win32.ActiveCfg = Debug|Win32
		{94E6C409-66BB-4973-9B66-8977A0EEC620}.Debug|Win32.Build.0 = Debug|Win32
		{94E6C409-66BB-4973-9B66-8977A0EEC620}.Release|Win32.ActiveCfg = Release|Win32
		{94E6C409-66BB-4973-9B66-8977A0EEC620}.Release|Win32.Build.0 = Release|Win32
		{C29A50B6-E8BE-42AC-99AC-9240F721E476}.Debug|Win32.ActiveCfg = Debug|Win32
		{C29A50B6-E8BE-42AC-99AC-9240F721E476}.Debug|Win32.Build.0 = Debug|Win32
		{C29A50B6-E8BE-42AC-99AC-9240F721E476}.Release|Win32.ActiveCfg = Release|Win32
		{C29A50B6-E8BE-42AC-99AC-9240F721E476}.Release|Win32.Build.0 = Release|Win32
		{18838B67-CCB3-4F76-ADAF-C62D88489857}.Debug|Win32.ActiveCfg = Debug|Win32
		{18838B67-CCB3-4F76-ADAF-C62D88489857}.Debug|Win32.Build.0 = Debug|Win32
		{18838B67-CCB3-4F76-ADAF-C62D88489857}.Release|Win32.ActiveCfg = Release|Win32
		{18838B67-CCB3-4F76-ADAF-C62D88489857}.Release|Win32.Build.0 = Release|Win32
		{1B335559-BD24-49B7-A315-5F5E37FABFF4}.Debug|Win32.ActiveCfg = Debug|Win32
		{1B335559-BD24-49B7-A315-5F5E37FABFF4}.Debug|Win32.Build.0 = Debug|Win32
		{1B335559-BD24-49B7-A315-5F5E37FABFF4}.Release|Win32.ActiveCfg = Release|Win32
		{1B335559-BD24-49B7-A315-5F5E37FABFF4}.Release|Win32.Build.0 = Release|Win32
		{D70663E6-FD45-4354-81D1-DCF179C33AEE}.Debug|Win32.ActiveCfg = Debug|Win32
		{D70663E6-FD45-4354-81D1-DCF179C33AEE}.Debug|Win32.Build.0 = Debug|Win32
		{D70663E6-FD45-4354-81D1-DCF179C33AEE}.Release|Win32.ActiveCfg = Release|Win32
		{D70663E6-FD45-4354-81D1-DCF179C33AEE}.Release|Win32.Build.0 = Release|Win32
		{E9FA3239-86E4-4D54-AAA3-9E20EB2CC80E}.Debug|Win32.ActiveCfg = Debug|Win32
		{E9FA3239-86E4-4D54-AAA3-9E20EB2CC80E}.Debug|Win32.Build.0 = Debug|Win32
		{E9FA3239-86E4-4D54-AAA3-9E20EB2CC80E}.Release|Win32.ActiveCfg = Release|Win32
		{E9FA3239-86E4-4D54-AAA3-9E20EB2CC80E}.Release|Win32.Build.0 = Release|Win32
		{5354C106-5E20-4F04-8C71-90BB3FA06BD6}.Debug|Win32.ActiveCfg = Debug|Win32
		{5354C106-5E20-4F04-8C71-90BB3FA06BD6}.Debug|Win32.Build.0 = Debug|Win32
		{5354C106-5E20-4F04-8C71-90BB3FA06BD6}.Release|Win32.ActiveCfg = Release|Win32
		{5354C106-5E20-4F04-8C71-90BB3FA06BD6}.Release|Win32.Build.0 = Release|Win32
		{DDAFDA7F-8A02-47B2-993B-BD8BF71416DB}.Debug|Win32.ActiveCfg = Debug|Win32
		{DDAFDA7F-8A02-47B2-993B-BD8BF71416DB}.Debug|Win32.Build.0 = Debug|Win32
		{DDAFDA7F-8A02-47B2-993B-BD8BF71416DB}.Release|Win32.ActiveCfg = Release|Win32
		{DDAFDA7F-8A02-47B2-993B-BD8BF71416DB}.Release|Win32.Build.0 = Release|Win32
	EndGlobalSection
	GlobalSection(SolutionProperties) = preSolution
		HideSolutionNode = FALSE
	EndGlobalSection
EndGlobal
